
Microsoft Visual Studio Solution File, Format Version 12.00
# Visual Studio Version 17
VisualStudioVersion = 17.1.31911.260
MinimumVisualStudioVersion = 10.0.40219.1
Project("{9A19103F-16F7-4668-BE54-9A1E7A4F7556}") = "AdventOfCSharp.Template", "AdventOfCSharp.Template\AdventOfCSharp.Template.csproj", "{8A62E233-A846-4F7B-9ABD-BDBD51EC35BD}"
EndProject
Project("{9A19103F-16F7-4668-BE54-9A1E7A4F7556}") = "AdventOfCSharp.Template.Benchmarks", "AdventOfCSharp.Template.Benchmarks\AdventOfCSharp.Template.Benchmarks.csproj", "{32AAAE8E-583F-4781-B1E6-E7F89A0DD0E3}"
EndProject
Project("{FAE04EC0-301F-11D3-BF4B-00C04F79EFBC}") = "AdventOfCSharp.Template.UnitTests", "AdventOfCSharp.Template.UnitTests\AdventOfCSharp.Template.UnitTests.csproj", "{E73829E5-F89A-4DB4-8377-8CA2576C0CEB}"
EndProject
Global
	GlobalSection(SolutionConfigurationPlatforms) = preSolution
		Debug|Any CPU = Debug|Any CPU
		Release|Any CPU = Release|Any CPU
	EndGlobalSection
	GlobalSection(ProjectConfigurationPlatforms) = postSolution
		{8A62E233-A846-4F7B-9ABD-BDBD51EC35BD}.Debug|Any CPU.ActiveCfg = Debug|Any CPU
		{8A62E233-A846-4F7B-9ABD-BDBD51EC35BD}.Debug|Any CPU.Build.0 = Debug|Any CPU
		{8A62E233-A846-4F7B-9ABD-BDBD51EC35BD}.Release|Any CPU.ActiveCfg = Release|Any CPU
		{8A62E233-A846-4F7B-9ABD-BDBD51EC35BD}.Release|Any CPU.Build.0 = Release|Any CPU
		{32AAAE8E-583F-4781-B1E6-E7F89A0DD0E3}.Debug|Any CPU.ActiveCfg = Debug|Any CPU
		{32AAAE8E-583F-4781-B1E6-E7F89A0DD0E3}.Debug|Any CPU.Build.0 = Debug|Any CPU
		{32AAAE8E-583F-4781-B1E6-E7F89A0DD0E3}.Release|Any CPU.ActiveCfg = Release|Any CPU
		{32AAAE8E-583F-4781-B1E6-E7F89A0DD0E3}.Release|Any CPU.Build.0 = Release|Any CPU
		{E73829E5-F89A-4DB4-8377-8CA2576C0CEB}.Debug|Any CPU.ActiveCfg = Debug|Any CPU
		{E73829E5-F89A-4DB4-8377-8CA2576C0CEB}.Debug|Any CPU.Build.0 = Debug|Any CPU
		{E73829E5-F89A-4DB4-8377-8CA2576C0CEB}.Release|Any CPU.ActiveCfg = Release|Any CPU
		{E73829E5-F89A-4DB4-8377-8CA2576C0CEB}.Release|Any CPU.Build.0 = Release|Any CPU
	EndGlobalSection
	GlobalSection(SolutionProperties) = preSolution
		HideSolutionNode = FALSE
	EndGlobalSection
	GlobalSection(ExtensibilityGlobals) = postSolution
		SolutionGuid = {A85838AB-15B0-4B02-9E1F-98EF8B73CF9E}
	EndGlobalSection
EndGlobal
